PODS:
  - CocoaLumberjack/Core (3.5.2)
  - CocoaLumberjack/Swift (3.5.2):
    - CocoaLumberjack/Core

DEPENDENCIES:
  - CocoaLumberjack/Swift (= 3.5.2)

SPEC REPOS:
  https://github.com/cocoapods/specs.git:
    - CocoaLumberjack

SPEC CHECKSUMS:
  CocoaLumberjack: 118bf4a820efc641f79fa487b75ed928dccfae23

PODFILE CHECKSUM: f9ed4cbb80a5fa3558cf1f61bae1f1270a35b728

COCOAPODS: 1.5.2
