// !$*UTF8*$!
{
	archiveVersion = 1;
	classes = {
	};
	objectVersion = 50;
	objects = {

/* Begin PBXBuildFile section */
		5D59E9ED22CA4498004E62BD /* NotesTests.swift in Sources */ = {isa = PBXBuildFile; fileRef = 5D59E9EC22CA4498004E62BD /* NotesTests.swift */; };
		5D5B66F322CB37C500E6FF6F /* NotesExtensionTests.swift in Sources */ = {isa = PBXBuildFile; fileRef = 5D5B66F222CB37C500E6FF6F /* NotesExtensionTests.swift */; };
		5D5B66F522CB38B300E6FF6F /* FileNotebookTests.swift in Sources */ = {isa = PBXBuildFile; fileRef = 5D5B66F422CB38B300E6FF6F /* FileNotebookTests.swift */; };
		5D5B66FC22CCBCB100E6FF6F /* ColorPickerView.swift in Sources */ = {isa = PBXBuildFile; fileRef = 5D5B66FB22CCBCB100E6FF6F /* ColorPickerView.swift */; };
		5D5B66FE22CCC57500E6FF6F /* ColorSampleView.swift in Sources */ = {isa = PBXBuildFile; fileRef = 5D5B66FD22CCC57500E6FF6F /* ColorSampleView.swift */; };
		5D7F858F22C49F42003B517B /* AppDelegate.swift in Sources */ = {isa = PBXBuildFile; fileRef = 5D7F858E22C49F42003B517B /* AppDelegate.swift */; };
		5D7F859122C49F42003B517B /* ViewController.swift in Sources */ = {isa = PBXBuildFile; fileRef = 5D7F859022C49F42003B517B /* ViewController.swift */; };
		5D7F859622C49F44003B517B /* Assets.xcassets in Resources */ = {isa = PBXBuildFile; fileRef = 5D7F859522C49F44003B517B /* Assets.xcassets */; };
		5D7F859922C49F44003B517B /* LaunchScreen.storyboard in Resources */ = {isa = PBXBuildFile; fileRef = 5D7F859722C49F44003B517B /* LaunchScreen.storyboard */; };
		5D7F85A322C49F81003B517B /* FileNotebook.swift in Sources */ = {isa = PBXBuildFile; fileRef = 5D7F85A022C49F80003B517B /* FileNotebook.swift */; };
		5D7F85A422C49F81003B517B /* Note.swift in Sources */ = {isa = PBXBuildFile; fileRef = 5D7F85A122C49F80003B517B /* Note.swift */; };
		5D7F85A522C49F81003B517B /* NoteExtensions.swift in Sources */ = {isa = PBXBuildFile; fileRef = 5D7F85A222C49F81003B517B /* NoteExtensions.swift */; };
		6FE557BACC8D656356C26F61 /* libPods-MyNotes.a in Frameworks */ = {isa = PBXBuildFile; fileRef = 68174A8F8543C0D267B24541 /* libPods-MyNotes.a */; };
		D40DBE9E09BD8C4E428DB1BD /* libPods-MyNotesTests.a in Frameworks */ = {isa = PBXBuildFile; fileRef = A9B34F2801CAF43AA34DF1C3 /* libPods-MyNotesTests.a */; };
		E02B6BBD22D6FD5400B25FCA /* Main.storyboard in Resources */ = {isa = PBXBuildFile; fileRef = E02B6BBC22D6FD5400B25FCA /* Main.storyboard */; };
/* End PBXBuildFile section */

/* Begin PBXContainerItemProxy section */
		5D59E9EF22CA4498004E62BD /* PBXContainerItemProxy */ = {
			isa = PBXContainerItemProxy;
			containerPortal = 5D7F858322C49F42003B517B /* Project object */;
			proxyType = 1;
			remoteGlobalIDString = 5D7F858A22C49F42003B517B;
			remoteInfo = MyNotes;
		};
/* End PBXContainerItemProxy section */

/* Begin PBXFileReference section */
		332F14021309E1C30E3E352A /* Pods-MyNotesTests.qa.xcconfig */ = {isa = PBXFileReference; includeInIndex = 1; lastKnownFileType = text.xcconfig; name = "Pods-MyNotesTests.qa.xcconfig"; path = "Pods/Target Support Files/Pods-MyNotesTests/Pods-MyNotesTests.qa.xcconfig"; sourceTree = "<group>"; };
		5D59E9EA22CA4498004E62BD /* MyNotesTests.xctest */ = {isa = PBXFileReference; explicitFileType = wrapper.cfbundle; includeInIndex = 0; path = MyNotesTests.xctest; sourceTree = BUILT_PRODUCTS_DIR; };
		5D59E9EC22CA4498004E62BD /* NotesTests.swift */ = {isa = PBXFileReference; lastKnownFileType = sourcecode.swift; path = NotesTests.swift; sourceTree = "<group>"; };
		5D59E9EE22CA4498004E62BD /* Info.plist */ = {isa = PBXFileReference; lastKnownFileType = text.plist.xml; path = Info.plist; sourceTree = "<group>"; };
		5D5B66F222CB37C500E6FF6F /* NotesExtensionTests.swift */ = {isa = PBXFileReference; lastKnownFileType = sourcecode.swift; path = NotesExtensionTests.swift; sourceTree = "<group>"; };
		5D5B66F422CB38B300E6FF6F /* FileNotebookTests.swift */ = {isa = PBXFileReference; lastKnownFileType = sourcecode.swift; path = FileNotebookTests.swift; sourceTree = "<group>"; };
		5D5B66FB22CCBCB100E6FF6F /* ColorPickerView.swift */ = {isa = PBXFileReference; lastKnownFileType = sourcecode.swift; path = ColorPickerView.swift; sourceTree = "<group>"; };
		5D5B66FD22CCC57500E6FF6F /* ColorSampleView.swift */ = {isa = PBXFileReference; lastKnownFileType = sourcecode.swift; path = ColorSampleView.swift; sourceTree = "<group>"; };
		5D7F858B22C49F42003B517B /* MyNotes.app */ = {isa = PBXFileReference; explicitFileType = wrapper.application; includeInIndex = 0; path = MyNotes.app; sourceTree = BUILT_PRODUCTS_DIR; };
		5D7F858E22C49F42003B517B /* AppDelegate.swift */ = {isa = PBXFileReference; lastKnownFileType = sourcecode.swift; path = AppDelegate.swift; sourceTree = "<group>"; };
		5D7F859022C49F42003B517B /* ViewController.swift */ = {isa = PBXFileReference; lastKnownFileType = sourcecode.swift; path = ViewController.swift; sourceTree = "<group>"; };
		5D7F859522C49F44003B517B /* Assets.xcassets */ = {isa = PBXFileReference; lastKnownFileType = folder.assetcatalog; path = Assets.xcassets; sourceTree = "<group>"; };
		5D7F859822C49F44003B517B /* Base */ = {isa = PBXFileReference; lastKnownFileType = file.storyboard; name = Base; path = Base.lproj/LaunchScreen.storyboard; sourceTree = "<group>"; };
		5D7F859A22C49F44003B517B /* Info.plist */ = {isa = PBXFileReference; lastKnownFileType = text.plist.xml; path = Info.plist; sourceTree = "<group>"; };
		5D7F85A022C49F80003B517B /* FileNotebook.swift */ = {isa = PBXFileReference; fileEncoding = 4; lastKnownFileType = sourcecode.swift; path = FileNotebook.swift; sourceTree = "<group>"; };
		5D7F85A122C49F80003B517B /* Note.swift */ = {isa = PBXFileReference; fileEncoding = 4; lastKnownFileType = sourcecode.swift; path = Note.swift; sourceTree = "<group>"; };
		5D7F85A222C49F81003B517B /* NoteExtensions.swift */ = {isa = PBXFileReference; fileEncoding = 4; lastKnownFileType = sourcecode.swift; path = NoteExtensions.swift; sourceTree = "<group>"; };
		68174A8F8543C0D267B24541 /* libPods-MyNotes.a */ = {isa = PBXFileReference; explicitFileType = archive.ar; includeInIndex = 0; path = "libPods-MyNotes.a"; sourceTree = BUILT_PRODUCTS_DIR; };
		A68C5B4B5D4F5E12686A9F0F /* Pods-MyNotes.release.xcconfig */ = {isa = PBXFileReference; includeInIndex = 1; lastKnownFileType = text.xcconfig; name = "Pods-MyNotes.release.xcconfig"; path = "Pods/Target Support Files/Pods-MyNotes/Pods-MyNotes.release.xcconfig"; sourceTree = "<group>"; };
		A9B34F2801CAF43AA34DF1C3 /* libPods-MyNotesTests.a */ = {isa = PBXFileReference; explicitFileType = archive.ar; includeInIndex = 0; path = "libPods-MyNotesTests.a"; sourceTree = BUILT_PRODUCTS_DIR; };
		B534692FCC9C4696EBA454A9 /* Pods-MyNotesTests.debug.xcconfig */ = {isa = PBXFileReference; includeInIndex = 1; lastKnownFileType = text.xcconfig; name = "Pods-MyNotesTests.debug.xcconfig"; path = "Pods/Target Support Files/Pods-MyNotesTests/Pods-MyNotesTests.debug.xcconfig"; sourceTree = "<group>"; };
		BB5785A5A891C37CC81C7C2B /* Pods-MyNotes.qa.xcconfig */ = {isa = PBXFileReference; includeInIndex = 1; lastKnownFileType = text.xcconfig; name = "Pods-MyNotes.qa.xcconfig"; path = "Pods/Target Support Files/Pods-MyNotes/Pods-MyNotes.qa.xcconfig"; sourceTree = "<group>"; };
		E02B6BBC22D6FD5400B25FCA /* Main.storyboard */ = {isa = PBXFileReference; fileEncoding = 4; lastKnownFileType = file.storyboard; path = Main.storyboard; sourceTree = "<group>"; };
		F32BFC7DAEE020892EA9D4D3 /* Pods-MyNotes.debug.xcconfig */ = {isa = PBXFileReference; includeInIndex = 1; lastKnownFileType = text.xcconfig; name = "Pods-MyNotes.debug.xcconfig"; path = "Pods/Target Support Files/Pods-MyNotes/Pods-MyNotes.debug.xcconfig"; sourceTree = "<group>"; };
		F856F38329B46C81F29DDA95 /* Pods-MyNotesTests.release.xcconfig */ = {isa = PBXFileReference; includeInIndex = 1; lastKnownFileType = text.xcconfig; name = "Pods-MyNotesTests.release.xcconfig"; path = "Pods/Target Support Files/Pods-MyNotesTests/Pods-MyNotesTests.release.xcconfig"; sourceTree = "<group>"; };
/* End PBXFileReference section */

/* Begin PBXFrameworksBuildPhase section */
		5D59E9E722CA4497004E62BD /* Frameworks */ = {
			isa = PBXFrameworksBuildPhase;
			buildActionMask = 2147483647;
			files = (
				D40DBE9E09BD8C4E428DB1BD /* libPods-MyNotesTests.a in Frameworks */,
			);
			runOnlyForDeploymentPostprocessing = 0;
		};
		5D7F858822C49F42003B517B /* Frameworks */ = {
			isa = PBXFrameworksBuildPhase;
			buildActionMask = 2147483647;
			files = (
				6FE557BACC8D656356C26F61 /* libPods-MyNotes.a in Frameworks */,
			);
			runOnlyForDeploymentPostprocessing = 0;
		};
/* End PBXFrameworksBuildPhase section */

/* Begin PBXGroup section */
		264B3ECF725BC72A7D6D10A7 /* Pods */ = {
			isa = PBXGroup;
			children = (
				F32BFC7DAEE020892EA9D4D3 /* Pods-MyNotes.debug.xcconfig */,
				BB5785A5A891C37CC81C7C2B /* Pods-MyNotes.qa.xcconfig */,
				A68C5B4B5D4F5E12686A9F0F /* Pods-MyNotes.release.xcconfig */,
				B534692FCC9C4696EBA454A9 /* Pods-MyNotesTests.debug.xcconfig */,
				332F14021309E1C30E3E352A /* Pods-MyNotesTests.qa.xcconfig */,
				F856F38329B46C81F29DDA95 /* Pods-MyNotesTests.release.xcconfig */,
			);
			name = Pods;
			sourceTree = "<group>";
		};
		5D59E9EB22CA4498004E62BD /* MyNotesTests */ = {
			isa = PBXGroup;
			children = (
				5D59E9EC22CA4498004E62BD /* NotesTests.swift */,
				5D5B66F222CB37C500E6FF6F /* NotesExtensionTests.swift */,
				5D5B66F422CB38B300E6FF6F /* FileNotebookTests.swift */,
				5D59E9EE22CA4498004E62BD /* Info.plist */,
			);
			path = MyNotesTests;
			sourceTree = "<group>";
		};
		5D7F858222C49F42003B517B = {
			isa = PBXGroup;
			children = (
				5D7F858D22C49F42003B517B /* MyNotes */,
				5D59E9EB22CA4498004E62BD /* MyNotesTests */,
				5D7F858C22C49F42003B517B /* Products */,
				264B3ECF725BC72A7D6D10A7 /* Pods */,
				FA79566A4C75CE21DA0E0DDB /* Frameworks */,
			);
			sourceTree = "<group>";
		};
		5D7F858C22C49F42003B517B /* Products */ = {
			isa = PBXGroup;
			children = (
				5D7F858B22C49F42003B517B /* MyNotes.app */,
				5D59E9EA22CA4498004E62BD /* MyNotesTests.xctest */,
			);
			name = Products;
			sourceTree = "<group>";
		};
		5D7F858D22C49F42003B517B /* MyNotes */ = {
			isa = PBXGroup;
			children = (
				5D7F85A622C49FA9003B517B /* Model */,
				5D7F858E22C49F42003B517B /* AppDelegate.swift */,
				E02B6BBC22D6FD5400B25FCA /* Main.storyboard */,
				5D7F859022C49F42003B517B /* ViewController.swift */,
				5D5B66FD22CCC57500E6FF6F /* ColorSampleView.swift */,
				5D5B66FB22CCBCB100E6FF6F /* ColorPickerView.swift */,
				5D7F859522C49F44003B517B /* Assets.xcassets */,
				5D7F859722C49F44003B517B /* LaunchScreen.storyboard */,
				5D7F859A22C49F44003B517B /* Info.plist */,
			);
			path = MyNotes;
			sourceTree = "<group>";
		};
		5D7F85A622C49FA9003B517B /* Model */ = {
			isa = PBXGroup;
			children = (
				5D7F85A022C49F80003B517B /* FileNotebook.swift */,
				5D7F85A122C49F80003B517B /* Note.swift */,
				5D7F85A222C49F81003B517B /* NoteExtensions.swift */,
			);
			path = Model;
			sourceTree = "<group>";
		};
		FA79566A4C75CE21DA0E0DDB /* Frameworks */ = {
			isa = PBXGroup;
			children = (
				68174A8F8543C0D267B24541 /* libPods-MyNotes.a */,
				A9B34F2801CAF43AA34DF1C3 /* libPods-MyNotesTests.a */,
			);
			name = Frameworks;
			sourceTree = "<group>";
		};
/* End PBXGroup section */

/* Begin PBXNativeTarget section */
		5D59E9E922CA4497004E62BD /* MyNotesTests */ = {
			isa = PBXNativeTarget;
			buildConfigurationList = 5D59E9F422CA4498004E62BD /* Build configuration list for PBXNativeTarget "MyNotesTests" */;
			buildPhases = (
				991FF8632ADB49757CDB29A5 /* [CP] Check Pods Manifest.lock */,
				5D59E9E622CA4497004E62BD /* Sources */,
				5D59E9E722CA4497004E62BD /* Frameworks */,
				5D59E9E822CA4497004E62BD /* Resources */,
			);
			buildRules = (
			);
			dependencies = (
				5D59E9F022CA4498004E62BD /* PBXTargetDependency */,
			);
			name = MyNotesTests;
			productName = MyNotesTests;
			productReference = 5D59E9EA22CA4498004E62BD /* MyNotesTests.xctest */;
			productType = "com.apple.product-type.bundle.unit-test";
		};
		5D7F858A22C49F42003B517B /* MyNotes */ = {
			isa = PBXNativeTarget;
			buildConfigurationList = 5D7F859D22C49F44003B517B /* Build configuration list for PBXNativeTarget "MyNotes" */;
			buildPhases = (
				D9BE08DE99FF50A2A845DC22 /* [CP] Check Pods Manifest.lock */,
				5D7F858722C49F42003B517B /* Sources */,
				5D7F858822C49F42003B517B /* Frameworks */,
				5D7F858922C49F42003B517B /* Resources */,
			);
			buildRules = (
			);
			dependencies = (
			);
			name = MyNotes;
			productName = MyNotes;
			productReference = 5D7F858B22C49F42003B517B /* MyNotes.app */;
			productType = "com.apple.product-type.application";
		};
/* End PBXNativeTarget section */

/* Begin PBXProject section */
		5D7F858322C49F42003B517B /* Project object */ = {
			isa = PBXProject;
			attributes = {
				LastSwiftUpdateCheck = 1010;
				LastUpgradeCheck = 1010;
				ORGANIZATIONNAME = "Roman Kozlov";
				TargetAttributes = {
					5D59E9E922CA4497004E62BD = {
						CreatedOnToolsVersion = 10.1;
						TestTargetID = 5D7F858A22C49F42003B517B;
					};
					5D7F858A22C49F42003B517B = {
						CreatedOnToolsVersion = 10.1;
					};
				};
			};
			buildConfigurationList = 5D7F858622C49F42003B517B /* Build configuration list for PBXProject "MyNotes" */;
			compatibilityVersion = "Xcode 9.3";
			developmentRegion = en;
			hasScannedForEncodings = 0;
			knownRegions = (
				en,
				Base,
			);
			mainGroup = 5D7F858222C49F42003B517B;
			productRefGroup = 5D7F858C22C49F42003B517B /* Products */;
			projectDirPath = "";
			projectRoot = "";
			targets = (
				5D7F858A22C49F42003B517B /* MyNotes */,
				5D59E9E922CA4497004E62BD /* MyNotesTests */,
			);
		};
/* End PBXProject section */

/* Begin PBXResourcesBuildPhase section */
		5D59E9E822CA4497004E62BD /* Resources */ = {
			isa = PBXResourcesBuildPhase;
			buildActionMask = 2147483647;
			files = (
			);
			runOnlyForDeploymentPostprocessing = 0;
		};
		5D7F858922C49F42003B517B /* Resources */ = {
			isa = PBXResourcesBuildPhase;
			buildActionMask = 2147483647;
			files = (
				E02B6BBD22D6FD5400B25FCA /* Main.storyboard in Resources */,
				5D7F859922C49F44003B517B /* LaunchScreen.storyboard in Resources */,
				5D7F859622C49F44003B517B /* Assets.xcassets in Resources */,
			);
			runOnlyForDeploymentPostprocessing = 0;
		};
/* End PBXResourcesBuildPhase section */

/* Begin PBXShellScriptBuildPhase section */
		991FF8632ADB49757CDB29A5 /* [CP] Check Pods Manifest.lock */ = {
			isa = PBXShellScriptBuildPhase;
			buildActionMask = 2147483647;
			files = (
			);
			inputPaths = (
				"${PODS_PODFILE_DIR_PATH}/Podfile.lock",
				"${PODS_ROOT}/Manifest.lock",
			);
			name = "[CP] Check Pods Manifest.lock";
			outputPaths = (
				"$(DERIVED_FILE_DIR)/Pods-MyNotesTests-checkManifestLockResult.txt",
			);
			runOnlyForDeploymentPostprocessing = 0;
			shellPath = /bin/sh;
			shellScript = "diff \"${PODS_PODFILE_DIR_PATH}/Podfile.lock\" \"${PODS_ROOT}/Manifest.lock\" > /dev/null\nif [ $? != 0 ] ; then\n    # print error to STDERR\n    echo \"error: The sandbox is not in sync with the Podfile.lock. Run 'pod install' or update your CocoaPods installation.\" >&2\n    exit 1\nfi\n# This output is used by Xcode 'outputs' to avoid re-running this script phase.\necho \"SUCCESS\" > \"${SCRIPT_OUTPUT_FILE_0}\"\n";
			showEnvVarsInLog = 0;
		};
		D9BE08DE99FF50A2A845DC22 /* [CP] Check Pods Manifest.lock */ = {
			isa = PBXShellScriptBuildPhase;
			buildActionMask = 2147483647;
			files = (
			);
			inputPaths = (
				"${PODS_PODFILE_DIR_PATH}/Podfile.lock",
				"${PODS_ROOT}/Manifest.lock",
			);
			name = "[CP] Check Pods Manifest.lock";
			outputPaths = (
				"$(DERIVED_FILE_DIR)/Pods-MyNotes-checkManifestLockResult.txt",
			);
			runOnlyForDeploymentPostprocessing = 0;
			shellPath = /bin/sh;
			shellScript = "diff \"${PODS_PODFILE_DIR_PATH}/Podfile.lock\" \"${PODS_ROOT}/Manifest.lock\" > /dev/null\nif [ $? != 0 ] ; then\n    # print error to STDERR\n    echo \"error: The sandbox is not in sync with the Podfile.lock. Run 'pod install' or update your CocoaPods installation.\" >&2\n    exit 1\nfi\n# This output is used by Xcode 'outputs' to avoid re-running this script phase.\necho \"SUCCESS\" > \"${SCRIPT_OUTPUT_FILE_0}\"\n";
			showEnvVarsInLog = 0;
		};
/* End PBXShellScriptBuildPhase section */

/* Begin PBXSourcesBuildPhase section */
		5D59E9E622CA4497004E62BD /* Sources */ = {
			isa = PBXSourcesBuildPhase;
			buildActionMask = 2147483647;
			files = (
				5D5B66F522CB38B300E6FF6F /* FileNotebookTests.swift in Sources */,
				5D59E9ED22CA4498004E62BD /* NotesTests.swift in Sources */,
				5D5B66F322CB37C500E6FF6F /* NotesExtensionTests.swift in Sources */,
			);
			runOnlyForDeploymentPostprocessing = 0;
		};
		5D7F858722C49F42003B517B /* Sources */ = {
			isa = PBXSourcesBuildPhase;
			buildActionMask = 2147483647;
			files = (
				5D7F85A322C49F81003B517B /* FileNotebook.swift in Sources */,
				5D7F859122C49F42003B517B /* ViewController.swift in Sources */,
				5D5B66FC22CCBCB100E6FF6F /* ColorPickerView.swift in Sources */,
				5D5B66FE22CCC57500E6FF6F /* ColorSampleView.swift in Sources */,
				5D7F85A522C49F81003B517B /* NoteExtensions.swift in Sources */,
				5D7F858F22C49F42003B517B /* AppDelegate.swift in Sources */,
				5D7F85A422C49F81003B517B /* Note.swift in Sources */,
			);
			runOnlyForDeploymentPostprocessing = 0;
		};
/* End PBXSourcesBuildPhase section */

/* Begin PBXTargetDependency section */
		5D59E9F022CA4498004E62BD /* PBXTargetDependency */ = {
			isa = PBXTargetDependency;
			target = 5D7F858A22C49F42003B517B /* MyNotes */;
			targetProxy = 5D59E9EF22CA4498004E62BD /* PBXContainerItemProxy */;
		};
/* End PBXTargetDependency section */

/* Begin PBXVariantGroup section */
		5D7F859722C49F44003B517B /* LaunchScreen.storyboard */ = {
			isa = PBXVariantGroup;
			children = (
				5D7F859822C49F44003B517B /* Base */,
			);
			name = LaunchScreen.storyboard;
			sourceTree = "<group>";
		};
/* End PBXVariantGroup section */

/* Begin XCBuildConfiguration section */
		30844DFE22C694F800345DC9 /* QA */ = {
			isa = XCBuildConfiguration;
			buildSettings = {
				ALWAYS_SEARCH_USER_PATHS = NO;
				CLANG_ANALYZER_NONNULL = YES;
				CLANG_ANALYZER_NUMBER_OBJECT_CONVERSION = YES_AGGRESSIVE;
				CLANG_CXX_LANGUAGE_STANDARD = "gnu++14";
				CLANG_CXX_LIBRARY = "libc++";
				CLANG_ENABLE_MODULES = YES;
				CLANG_ENABLE_OBJC_ARC = YES;
				CLANG_ENABLE_OBJC_WEAK = YES;
				CLANG_WARN_BLOCK_CAPTURE_AUTORELEASING = YES;
				CLANG_WARN_BOOL_CONVERSION = YES;
				CLANG_WARN_COMMA = YES;
				CLANG_WARN_CONSTANT_CONVERSION = YES;
				CLANG_WARN_DEPRECATED_OBJC_IMPLEMENTATIONS = YES;
				CLANG_WARN_DIRECT_OBJC_ISA_USAGE = YES_ERROR;
				CLANG_WARN_DOCUMENTATION_COMMENTS = YES;
				CLANG_WARN_EMPTY_BODY = YES;
				CLANG_WARN_ENUM_CONVERSION = YES;
				CLANG_WARN_INFINITE_RECURSION = YES;
				CLANG_WARN_INT_CONVERSION = YES;
				CLANG_WARN_NON_LITERAL_NULL_CONVERSION = YES;
				CLANG_WARN_OBJC_IMPLICIT_RETAIN_SELF = YES;
				CLANG_WARN_OBJC_LITERAL_CONVERSION = YES;
				CLANG_WARN_OBJC_ROOT_CLASS = YES_ERROR;
				CLANG_WARN_RANGE_LOOP_ANALYSIS = YES;
				CLANG_WARN_STRICT_PROTOTYPES = YES;
				CLANG_WARN_SUSPICIOUS_MOVE = YES;
				CLANG_WARN_UNGUARDED_AVAILABILITY = YES_AGGRESSIVE;
				CLANG_WARN_UNREACHABLE_CODE = YES;
				CLANG_WARN__DUPLICATE_METHOD_MATCH = YES;
				CODE_SIGN_IDENTITY = "iPhone Developer";
				COPY_PHASE_STRIP = NO;
				DEBUG_INFORMATION_FORMAT = dwarf;
				ENABLE_STRICT_OBJC_MSGSEND = YES;
				ENABLE_TESTABILITY = YES;
				GCC_C_LANGUAGE_STANDARD = gnu11;
				GCC_DYNAMIC_NO_PIC = NO;
				GCC_NO_COMMON_BLOCKS = YES;
				GCC_OPTIMIZATION_LEVEL = 0;
				GCC_PREPROCESSOR_DEFINITIONS = (
					"DEBUG=1",
					"$(inherited)",
				);
				GCC_WARN_64_TO_32_BIT_CONVERSION = YES;
				GCC_WARN_ABOUT_RETURN_TYPE = YES_ERROR;
				GCC_WARN_UNDECLARED_SELECTOR = YES;
				GCC_WARN_UNINITIALIZED_AUTOS = YES_AGGRESSIVE;
				GCC_WARN_UNUSED_FUNCTION = YES;
				GCC_WARN_UNUSED_VARIABLE = YES;
				IPHONEOS_DEPLOYMENT_TARGET = 12.1;
				MTL_ENABLE_DEBUG_INFO = INCLUDE_SOURCE;
				MTL_FAST_MATH = YES;
				ONLY_ACTIVE_ARCH = YES;
				OTHER_SWIFT_FLAGS = "-DQA";
				SDKROOT = iphoneos;
				SWIFT_ACTIVE_COMPILATION_CONDITIONS = DEBUG;
				SWIFT_OPTIMIZATION_LEVEL = "-Onone";
			};
			name = QA;
		};
		30844DFF22C694F800345DC9 /* QA */ = {
			isa = XCBuildConfiguration;
			baseConfigurationReference = BB5785A5A891C37CC81C7C2B /* Pods-MyNotes.qa.xcconfig */;
			buildSettings = {
				ASSETCATALOG_COMPILER_APPICON_NAME = AppIcon;
				CODE_SIGN_STYLE = Automatic;
				DEVELOPMENT_TEAM = FTKM847V49;
				INFOPLIST_FILE = MyNotes/Info.plist;
				LD_RUNPATH_SEARCH_PATHS = (
					"$(inherited)",
					"@executable_path/Frameworks",
				);
				PRODUCT_BUNDLE_IDENTIFIER = ru.yandex.swiftcourses.MyNotes;
				PRODUCT_NAME = "$(TARGET_NAME)";
				SWIFT_VERSION = 4.2;
				TARGETED_DEVICE_FAMILY = "1,2";
			};
			name = QA;
		};
		5D59E9F122CA4498004E62BD /* Debug */ = {
			isa = XCBuildConfiguration;
			baseConfigurationReference = B534692FCC9C4696EBA454A9 /* Pods-MyNotesTests.debug.xcconfig */;
			buildSettings = {
				BUNDLE_LOADER = "$(TEST_HOST)";
				CODE_SIGN_STYLE = Automatic;
				DEVELOPMENT_TEAM = FTKM847V49;
				INFOPLIST_FILE = MyNotesTests/Info.plist;
				LD_RUNPATH_SEARCH_PATHS = (
					"$(inherited)",
					"@executable_path/Frameworks",
					"@loader_path/Frameworks",
				);
				PRODUCT_BUNDLE_IDENTIFIER = ru.yandex.swiftcourses.MyNotesTests;
				PRODUCT_NAME = "$(TARGET_NAME)";
				SWIFT_VERSION = 4.2;
				TARGETED_DEVICE_FAMILY = "1,2";
				TEST_HOST = "$(BUILT_PRODUCTS_DIR)/MyNotes.app/MyNotes";
			};
			name = Debug;
		};
		5D59E9F222CA4498004E62BD /* QA */ = {
			isa = XCBuildConfiguration;
			baseConfigurationReference = 332F14021309E1C30E3E352A /* Pods-MyNotesTests.qa.xcconfig */;
			buildSettings = {
				BUNDLE_LOADER = "$(TEST_HOST)";
				CODE_SIGN_STYLE = Automatic;
				DEVELOPMENT_TEAM = FTKM847V49;
				INFOPLIST_FILE = MyNotesTests/Info.plist;
				LD_RUNPATH_SEARCH_PATHS = (
					"$(inherited)",
					"@executable_path/Frameworks",
					"@loader_path/Frameworks",
				);
				PRODUCT_BUNDLE_IDENTIFIER = ru.yandex.swiftcourses.MyNotesTests;
				PRODUCT_NAME = "$(TARGET_NAME)";
				SWIFT_VERSION = 4.2;
				TARGETED_DEVICE_FAMILY = "1,2";
				TEST_HOST = "$(BUILT_PRODUCTS_DIR)/MyNotes.app/MyNotes";
			};
			name = QA;
		};
		5D59E9F322CA4498004E62BD /* Release */ = {
			isa = XCBuildConfiguration;
			baseConfigurationReference = F856F38329B46C81F29DDA95 /* Pods-MyNotesTests.release.xcconfig */;
			buildSettings = {
				BUNDLE_LOADER = "$(TEST_HOST)";
				CODE_SIGN_STYLE = Automatic;
				DEVELOPMENT_TEAM = FTKM847V49;
				INFOPLIST_FILE = MyNotesTests/Info.plist;
				LD_RUNPATH_SEARCH_PATHS = (
					"$(inherited)",
					"@executable_path/Frameworks",
					"@loader_path/Frameworks",
				);
				PRODUCT_BUNDLE_IDENTIFIER = ru.yandex.swiftcourses.MyNotesTests;
				PRODUCT_NAME = "$(TARGET_NAME)";
				SWIFT_VERSION = 4.2;
				TARGETED_DEVICE_FAMILY = "1,2";
				TEST_HOST = "$(BUILT_PRODUCTS_DIR)/MyNotes.app/MyNotes";
			};
			name = Release;
		};
		5D7F859B22C49F44003B517B /* Debug */ = {
			isa = XCBuildConfiguration;
			buildSettings = {
				ALWAYS_SEARCH_USER_PATHS = NO;
				CLANG_ANALYZER_NONNULL = YES;
				CLANG_ANALYZER_NUMBER_OBJECT_CONVERSION = YES_AGGRESSIVE;
				CLANG_CXX_LANGUAGE_STANDARD = "gnu++14";
				CLANG_CXX_LIBRARY = "libc++";
				CLANG_ENABLE_MODULES = YES;
				CLANG_ENABLE_OBJC_ARC = YES;
				CLANG_ENABLE_OBJC_WEAK = YES;
				CLANG_WARN_BLOCK_CAPTURE_AUTORELEASING = YES;
				CLANG_WARN_BOOL_CONVERSION = YES;
				CLANG_WARN_COMMA = YES;
				CLANG_WARN_CONSTANT_CONVERSION = YES;
				CLANG_WARN_DEPRECATED_OBJC_IMPLEMENTATIONS = YES;
				CLANG_WARN_DIRECT_OBJC_ISA_USAGE = YES_ERROR;
				CLANG_WARN_DOCUMENTATION_COMMENTS = YES;
				CLANG_WARN_EMPTY_BODY = YES;
				CLANG_WARN_ENUM_CONVERSION = YES;
				CLANG_WARN_INFINITE_RECURSION = YES;
				CLANG_WARN_INT_CONVERSION = YES;
				CLANG_WARN_NON_LITERAL_NULL_CONVERSION = YES;
				CLANG_WARN_OBJC_IMPLICIT_RETAIN_SELF = YES;
				CLANG_WARN_OBJC_LITERAL_CONVERSION = YES;
				CLANG_WARN_OBJC_ROOT_CLASS = YES_ERROR;
				CLANG_WARN_RANGE_LOOP_ANALYSIS = YES;
				CLANG_WARN_STRICT_PROTOTYPES = YES;
				CLANG_WARN_SUSPICIOUS_MOVE = YES;
				CLANG_WARN_UNGUARDED_AVAILABILITY = YES_AGGRESSIVE;
				CLANG_WARN_UNREACHABLE_CODE = YES;
				CLANG_WARN__DUPLICATE_METHOD_MATCH = YES;
				CODE_SIGN_IDENTITY = "iPhone Developer";
				COPY_PHASE_STRIP = NO;
				DEBUG_INFORMATION_FORMAT = dwarf;
				ENABLE_STRICT_OBJC_MSGSEND = YES;
				ENABLE_TESTABILITY = YES;
				GCC_C_LANGUAGE_STANDARD = gnu11;
				GCC_DYNAMIC_NO_PIC = NO;
				GCC_NO_COMMON_BLOCKS = YES;
				GCC_OPTIMIZATION_LEVEL = 0;
				GCC_PREPROCESSOR_DEFINITIONS = (
					"DEBUG=1",
					"$(inherited)",
				);
				GCC_WARN_64_TO_32_BIT_CONVERSION = YES;
				GCC_WARN_ABOUT_RETURN_TYPE = YES_ERROR;
				GCC_WARN_UNDECLARED_SELECTOR = YES;
				GCC_WARN_UNINITIALIZED_AUTOS = YES_AGGRESSIVE;
				GCC_WARN_UNUSED_FUNCTION = YES;
				GCC_WARN_UNUSED_VARIABLE = YES;
				IPHONEOS_DEPLOYMENT_TARGET = 12.1;
				MTL_ENABLE_DEBUG_INFO = INCLUDE_SOURCE;
				MTL_FAST_MATH = YES;
				ONLY_ACTIVE_ARCH = YES;
				OTHER_SWIFT_FLAGS = "-DDEBUG";
				SDKROOT = iphoneos;
				SWIFT_ACTIVE_COMPILATION_CONDITIONS = DEBUG;
				SWIFT_OPTIMIZATION_LEVEL = "-Onone";
			};
			name = Debug;
		};
		5D7F859C22C49F44003B517B /* Release */ = {
			isa = XCBuildConfiguration;
			buildSettings = {
				ALWAYS_SEARCH_USER_PATHS = NO;
				CLANG_ANALYZER_NONNULL = YES;
				CLANG_ANALYZER_NUMBER_OBJECT_CONVERSION = YES_AGGRESSIVE;
				CLANG_CXX_LANGUAGE_STANDARD = "gnu++14";
				CLANG_CXX_LIBRARY = "libc++";
				CLANG_ENABLE_MODULES = YES;
				CLANG_ENABLE_OBJC_ARC = YES;
				CLANG_ENABLE_OBJC_WEAK = YES;
				CLANG_WARN_BLOCK_CAPTURE_AUTORELEASING = YES;
				CLANG_WARN_BOOL_CONVERSION = YES;
				CLANG_WARN_COMMA = YES;
				CLANG_WARN_CONSTANT_CONVERSION = YES;
				CLANG_WARN_DEPRECATED_OBJC_IMPLEMENTATIONS = YES;
				CLANG_WARN_DIRECT_OBJC_ISA_USAGE = YES_ERROR;
				CLANG_WARN_DOCUMENTATION_COMMENTS = YES;
				CLANG_WARN_EMPTY_BODY = YES;
				CLANG_WARN_ENUM_CONVERSION = YES;
				CLANG_WARN_INFINITE_RECURSION = YES;
				CLANG_WARN_INT_CONVERSION = YES;
				CLANG_WARN_NON_LITERAL_NULL_CONVERSION = YES;
				CLANG_WARN_OBJC_IMPLICIT_RETAIN_SELF = YES;
				CLANG_WARN_OBJC_LITERAL_CONVERSION = YES;
				CLANG_WARN_OBJC_ROOT_CLASS = YES_ERROR;
				CLANG_WARN_RANGE_LOOP_ANALYSIS = YES;
				CLANG_WARN_STRICT_PROTOTYPES = YES;
				CLANG_WARN_SUSPICIOUS_MOVE = YES;
				CLANG_WARN_UNGUARDED_AVAILABILITY = YES_AGGRESSIVE;
				CLANG_WARN_UNREACHABLE_CODE = YES;
				CLANG_WARN__DUPLICATE_METHOD_MATCH = YES;
				CODE_SIGN_IDENTITY = "iPhone Developer";
				COPY_PHASE_STRIP = NO;
				DEBUG_INFORMATION_FORMAT = "dwarf-with-dsym";
				ENABLE_NS_ASSERTIONS = NO;
				ENABLE_STRICT_OBJC_MSGSEND = YES;
				GCC_C_LANGUAGE_STANDARD = gnu11;
				GCC_NO_COMMON_BLOCKS = YES;
				GCC_WARN_64_TO_32_BIT_CONVERSION = YES;
				GCC_WARN_ABOUT_RETURN_TYPE = YES_ERROR;
				GCC_WARN_UNDECLARED_SELECTOR = YES;
				GCC_WARN_UNINITIALIZED_AUTOS = YES_AGGRESSIVE;
				GCC_WARN_UNUSED_FUNCTION = YES;
				GCC_WARN_UNUSED_VARIABLE = YES;
				IPHONEOS_DEPLOYMENT_TARGET = 12.1;
				MTL_ENABLE_DEBUG_INFO = NO;
				MTL_FAST_MATH = YES;
				OTHER_SWIFT_FLAGS = "-DRELEASE";
				SDKROOT = iphoneos;
				SWIFT_COMPILATION_MODE = wholemodule;
				SWIFT_OPTIMIZATION_LEVEL = "-O";
				VALIDATE_PRODUCT = YES;
			};
			name = Release;
		};
		5D7F859E22C49F44003B517B /* Debug */ = {
			isa = XCBuildConfiguration;
			baseConfigurationReference = F32BFC7DAEE020892EA9D4D3 /* Pods-MyNotes.debug.xcconfig */;
			buildSettings = {
				ASSETCATALOG_COMPILER_APPICON_NAME = AppIcon;
				CODE_SIGN_STYLE = Automatic;
				DEVELOPMENT_TEAM = FTKM847V49;
				INFOPLIST_FILE = MyNotes/Info.plist;
				LD_RUNPATH_SEARCH_PATHS = (
					"$(inherited)",
					"@executable_path/Frameworks",
				);
				PRODUCT_BUNDLE_IDENTIFIER = ru.yandex.swiftcourses.MyNotes;
				PRODUCT_NAME = "$(TARGET_NAME)";
				SWIFT_VERSION = 4.2;
				TARGETED_DEVICE_FAMILY = "1,2";
			};
			name = Debug;
		};
		5D7F859F22C49F44003B517B /* Release */ = {
			isa = XCBuildConfiguration;
			baseConfigurationReference = A68C5B4B5D4F5E12686A9F0F /* Pods-MyNotes.release.xcconfig */;
			buildSettings = {
				ASSETCATALOG_COMPILER_APPICON_NAME = AppIcon;
				CODE_SIGN_STYLE = Automatic;
				DEVELOPMENT_TEAM = FTKM847V49;
				INFOPLIST_FILE = MyNotes/Info.plist;
				LD_RUNPATH_SEARCH_PATHS = (
					"$(inherited)",
					"@executable_path/Frameworks",
				);
				PRODUCT_BUNDLE_IDENTIFIER = ru.yandex.swiftcourses.MyNotes;
				PRODUCT_NAME = "$(TARGET_NAME)";
				SWIFT_VERSION = 4.2;
				TARGETED_DEVICE_FAMILY = "1,2";
			};
			name = Release;
		};
/* End XCBuildConfiguration section */

/* Begin XCConfigurationList section */
		5D59E9F422CA4498004E62BD /* Build configuration list for PBXNativeTarget "MyNotesTests" */ = {
			isa = XCConfigurationList;
			buildConfigurations = (
				5D59E9F122CA4498004E62BD /* Debug */,
				5D59E9F222CA4498004E62BD /* QA */,
				5D59E9F322CA4498004E62BD /* Release */,
			);
			defaultConfigurationIsVisible = 0;
			defaultConfigurationName = Release;
		};
		5D7F858622C49F42003B517B /* Build configuration list for PBXProject "MyNotes" */ = {
			isa = XCConfigurationList;
			buildConfigurations = (
				5D7F859B22C49F44003B517B /* Debug */,
				30844DFE22C694F800345DC9 /* QA */,
				5D7F859C22C49F44003B517B /* Release */,
			);
			defaultConfigurationIsVisible = 0;
			defaultConfigurationName = Release;
		};
		5D7F859D22C49F44003B517B /* Build configuration list for PBXNativeTarget "MyNotes" */ = {
			isa = XCConfigurationList;
			buildConfigurations = (
				5D7F859E22C49F44003B517B /* Debug */,
				30844DFF22C694F800345DC9 /* QA */,
				5D7F859F22C49F44003B517B /* Release */,
			);
			defaultConfigurationIsVisible = 0;
			defaultConfigurationName = Release;
		};
/* End XCConfigurationList section */
	};
	rootObject = 5D7F858322C49F42003B517B /* Project object */;
}
